
Microsoft Visual Studio Solution File, Format Version 12.00
# Visual Studio Version 17
VisualStudioVersion = 17.10.35027.167
MinimumVisualStudioVersion = 10.0.40219.1
Project("{FAE04EC0-301F-11D3-BF4B-00C04F79EFBC}") = "prySilvaMenendez_SP2_LaLogicaEnProgramacion", "prySilvaMenendez_SP2_LaLogicaEnProgramacion\prySilvaMenendez_SP2_LaLogicaEnProgramacion.csproj", "{92F5885E-3013-4834-8779-D981D4643E79}"
EndProject
Global
	GlobalSection(SolutionConfigurationPlatforms) = preSolution
		Debug|Any CPU = Debug|Any CPU
		Release|Any CPU = Release|Any CPU
	EndGlobalSection
	GlobalSection(ProjectConfigurationPlatforms) = postSolution
		{92F5885E-3013-4834-8779-D981D4643E79}.Debug|Any CPU.ActiveCfg = Debug|Any CPU
		{92F5885E-3013-4834-8779-D981D4643E79}.Debug|Any CPU.Build.0 = Debug|Any CPU
		{92F5885E-3013-4834-8779-D981D4643E79}.Release|Any CPU.ActiveCfg = Release|Any CPU
		{92F5885E-3013-4834-8779-D981D4643E79}.Release|Any CPU.Build.0 = Release|Any CPU
	EndGlobalSection
	GlobalSection(SolutionProperties) = preSolution
		HideSolutionNode = FALSE
	EndGlobalSection
	GlobalSection(ExtensibilityGlobals) = postSolution
		SolutionGuid = {1AF272E3-3F15-4047-8940-80C07CDACB4A}
	EndGlobalSection
EndGlobal
